// !$*UTF8*$!
{
	archiveVersion = 1;
	classes = {
	};
	objectVersion = 55;
	objects = {

/* Begin PBXBuildFile section */
		4771E298287C979E00BBB609 /* PopularCollectionViewCell.swift in Sources */ = {isa = PBXBuildFile; fileRef = 4771E297287C979E00BBB609 /* PopularCollectionViewCell.swift */; };
		4771E29D287C986000BBB609 /* NowPlayingCollectionViewCell.swift in Sources */ = {isa = PBXBuildFile; fileRef = 4771E29C287C986000BBB609 /* NowPlayingCollectionViewCell.swift */; };
		4771E29F287C987800BBB609 /* UpcomingCollectionViewCell.swift in Sources */ = {isa = PBXBuildFile; fileRef = 4771E29E287C987800BBB609 /* UpcomingCollectionViewCell.swift */; };
		479955E32881E7DE00356DEA /* TMDB-Info.plist in Resources */ = {isa = PBXBuildFile; fileRef = 479955E22881E7DE00356DEA /* TMDB-Info.plist */; };
		479955E52881EC4400356DEA /* Movie+API.swift in Sources */ = {isa = PBXBuildFile; fileRef = 479955E42881EC4400356DEA /* Movie+API.swift */; };
		479955E72881F8D900356DEA /* MoviesResponse.swift in Sources */ = {isa = PBXBuildFile; fileRef = 479955E62881F8D900356DEA /* MoviesResponse.swift */; };
		47A640C52886E15A00D52108 /* PosterPhotoViewController.swift in Sources */ = {isa = PBXBuildFile; fileRef = 47A640C42886E15A00D52108 /* PosterPhotoViewController.swift */; };
		47A640CB2886E96800D52108 /* SeeAllViewController.swift in Sources */ = {isa = PBXBuildFile; fileRef = 47A640CA2886E96800D52108 /* SeeAllViewController.swift */; };
		47A640CD2886F2C000D52108 /* SeeAllTableViewCell.swift in Sources */ = {isa = PBXBuildFile; fileRef = 47A640CC2886F2C000D52108 /* SeeAllTableViewCell.swift */; };
		47A640CF2886F47200D52108 /* SeeAllViewController+UITableViewDataSource.swift in Sources */ = {isa = PBXBuildFile; fileRef = 47A640CE2886F47200D52108 /* SeeAllViewController+UITableViewDataSource.swift */; };
		47A640D1288722EA00D52108 /* TrendingViewController.swift in Sources */ = {isa = PBXBuildFile; fileRef = 47A640D0288722EA00D52108 /* TrendingViewController.swift */; };
		47A640D328872BE600D52108 /* SearchTableViewCell.swift in Sources */ = {isa = PBXBuildFile; fileRef = 47A640D228872BE600D52108 /* SearchTableViewCell.swift */; };
		47A640D528872CB800D52108 /* SearchViewController.swift in Sources */ = {isa = PBXBuildFile; fileRef = 47A640D428872CB800D52108 /* SearchViewController.swift */; };
		47A640D728872D7600D52108 /* SearchViewController+UITableViewDataSource.swift in Sources */ = {isa = PBXBuildFile; fileRef = 47A640D628872D7600D52108 /* SearchViewController+UITableViewDataSource.swift */; };
		47A640DB2887314B00D52108 /* SearchViewController+UISearchResultsUpdating.swift in Sources */ = {isa = PBXBuildFile; fileRef = 47A640DA2887314B00D52108 /* SearchViewController+UISearchResultsUpdating.swift */; };
		47A640DD2887404300D52108 /* SearchViewController+UITableViewDelegate.swift in Sources */ = {isa = PBXBuildFile; fileRef = 47A640DC2887404300D52108 /* SearchViewController+UITableViewDelegate.swift */; };
		47AE475828775FD500DF454A /* FeaturedViewController.swift in Sources */ = {isa = PBXBuildFile; fileRef = 47AE475728775FD500DF454A /* FeaturedViewController.swift */; };
		47AF128C287DEE200064D54F /* Movie.swift in Sources */ = {isa = PBXBuildFile; fileRef = 47AF128B287DEE200064D54F /* Movie.swift */; };
		47AF129C287DF53E0064D54F /* Movie+TrendingThisWeek.swift in Sources */ = {isa = PBXBuildFile; fileRef = 47AF1297287DF53D0064D54F /* Movie+TrendingThisWeek.swift */; };
		47AF129D287DF53E0064D54F /* Movie+TrendingToday.swift in Sources */ = {isa = PBXBuildFile; fileRef = 47AF1298287DF53D0064D54F /* Movie+TrendingToday.swift */; };
		47AF129E287DF53E0064D54F /* Movie+NowPlaying.swift in Sources */ = {isa = PBXBuildFile; fileRef = 47AF1299287DF53D0064D54F /* Movie+NowPlaying.swift */; };
		47AF129F287DF53E0064D54F /* Movie+Popular.swift in Sources */ = {isa = PBXBuildFile; fileRef = 47AF129A287DF53D0064D54F /* Movie+Popular.swift */; };
		47AF12A0287DF53E0064D54F /* Movie+Upcoming.swift in Sources */ = {isa = PBXBuildFile; fileRef = 47AF129B287DF53E0064D54F /* Movie+Upcoming.swift */; };
		47AF12A2287E144C0064D54F /* FeaturedViewController+UICollectionViewDataSource.swift in Sources */ = {isa = PBXBuildFile; fileRef = 47AF12A1287E144C0064D54F /* FeaturedViewController+UICollectionViewDataSource.swift */; };
		47D9E4DA2874ACA800430C08 /* AppDelegate.swift in Sources */ = {isa = PBXBuildFile; fileRef = 47D9E4D92874ACA800430C08 /* AppDelegate.swift */; };
		47D9E4DC2874ACA800430C08 /* SceneDelegate.swift in Sources */ = {isa = PBXBuildFile; fileRef = 47D9E4DB2874ACA800430C08 /* SceneDelegate.swift */; };
		47D9E4DE2874ACA800430C08 /* ViewController.swift in Sources */ = {isa = PBXBuildFile; fileRef = 47D9E4DD2874ACA800430C08 /* ViewController.swift */; };
		47D9E4E12874ACA800430C08 /* Main.storyboard in Resources */ = {isa = PBXBuildFile; fileRef = 47D9E4DF2874ACA800430C08 /* Main.storyboard */; };
		47D9E4E32874ACA800430C08 /* Assets.xcassets in Resources */ = {isa = PBXBuildFile; fileRef = 47D9E4E22874ACA800430C08 /* Assets.xcassets */; };
		47D9E4E62874ACA800430C08 /* LaunchScreen.storyboard in Resources */ = {isa = PBXBuildFile; fileRef = 47D9E4E42874ACA800430C08 /* LaunchScreen.storyboard */; };
		47E890A6287F08D20037EBD6 /* Coertschriftromaans-vXvy.ttf in Resources */ = {isa = PBXBuildFile; fileRef = 47E890A5287F08D20037EBD6 /* Coertschriftromaans-vXvy.ttf */; };
		47F5677F287F3ED10086CFFF /* DetailsViewController.swift in Sources */ = {isa = PBXBuildFile; fileRef = 47F5677E287F3ED10086CFFF /* DetailsViewController.swift */; };
		47F56781287F47E40086CFFF /* FeaturedViewController+UICollectionViewDelegate.swift in Sources */ = {isa = PBXBuildFile; fileRef = 47F56780287F47E40086CFFF /* FeaturedViewController+UICollectionViewDelegate.swift */; };
/* End PBXBuildFile section */

/* Begin PBXFileReference section */
		4771E297287C979E00BBB609 /* PopularCollectionViewCell.swift */ = {isa = PBXFileReference; lastKnownFileType = sourcecode.swift; path = PopularCollectionViewCell.swift; sourceTree = "<group>"; };
		4771E29C287C986000BBB609 /* NowPlayingCollectionViewCell.swift */ = {isa = PBXFileReference; lastKnownFileType = sourcecode.swift; path = NowPlayingCollectionViewCell.swift; sourceTree = "<group>"; };
		4771E29E287C987800BBB609 /* UpcomingCollectionViewCell.swift */ = {isa = PBXFileReference; lastKnownFileType = sourcecode.swift; path = UpcomingCollectionViewCell.swift; sourceTree = "<group>"; };
		479955E22881E7DE00356DEA /* TMDB-Info.plist */ = {isa = PBXFileReference; lastKnownFileType = text.plist.xml; path = "TMDB-Info.plist"; sourceTree = "<group>"; };
		479955E42881EC4400356DEA /* Movie+API.swift */ = {isa = PBXFileReference; fileEncoding = 4; lastKnownFileType = sourcecode.swift; path = "Movie+API.swift"; sourceTree = "<group>"; };
		479955E62881F8D900356DEA /* MoviesResponse.swift */ = {isa = PBXFileReference; lastKnownFileType = sourcecode.swift; path = MoviesResponse.swift; sourceTree = "<group>"; };
		47A640C42886E15A00D52108 /* PosterPhotoViewController.swift */ = {isa = PBXFileReference; lastKnownFileType = sourcecode.swift; path = PosterPhotoViewController.swift; sourceTree = "<group>"; };
		47A640CA2886E96800D52108 /* SeeAllViewController.swift */ = {isa = PBXFileReference; lastKnownFileType = sourcecode.swift; path = SeeAllViewController.swift; sourceTree = "<group>"; };
		47A640CC2886F2C000D52108 /* SeeAllTableViewCell.swift */ = {isa = PBXFileReference; lastKnownFileType = sourcecode.swift; path = SeeAllTableViewCell.swift; sourceTree = "<group>"; };
		47A640CE2886F47200D52108 /* SeeAllViewController+UITableViewDataSource.swift */ = {isa = PBXFileReference; lastKnownFileType = sourcecode.swift; path = "SeeAllViewController+UITableViewDataSource.swift"; sourceTree = "<group>"; };
		47A640D0288722EA00D52108 /* TrendingViewController.swift */ = {isa = PBXFileReference; lastKnownFileType = sourcecode.swift; path = TrendingViewController.swift; sourceTree = "<group>"; };
		47A640D228872BE600D52108 /* SearchTableViewCell.swift */ = {isa = PBXFileReference; lastKnownFileType = sourcecode.swift; path = SearchTableViewCell.swift; sourceTree = "<group>"; };
		47A640D428872CB800D52108 /* SearchViewController.swift */ = {isa = PBXFileReference; lastKnownFileType = sourcecode.swift; path = SearchViewController.swift; sourceTree = "<group>"; };
		47A640D628872D7600D52108 /* SearchViewController+UITableViewDataSource.swift */ = {isa = PBXFileReference; lastKnownFileType = sourcecode.swift; path = "SearchViewController+UITableViewDataSource.swift"; sourceTree = "<group>"; };
		47A640DA2887314B00D52108 /* SearchViewController+UISearchResultsUpdating.swift */ = {isa = PBXFileReference; lastKnownFileType = sourcecode.swift; path = "SearchViewController+UISearchResultsUpdating.swift"; sourceTree = "<group>"; };
		47A640DC2887404300D52108 /* SearchViewController+UITableViewDelegate.swift */ = {isa = PBXFileReference; lastKnownFileType = sourcecode.swift; path = "SearchViewController+UITableViewDelegate.swift"; sourceTree = "<group>"; };
		47AE475728775FD500DF454A /* FeaturedViewController.swift */ = {isa = PBXFileReference; lastKnownFileType = sourcecode.swift; path = FeaturedViewController.swift; sourceTree = "<group>"; };
		47AF128B287DEE200064D54F /* Movie.swift */ = {isa = PBXFileReference; lastKnownFileType = sourcecode.swift; path = Movie.swift; sourceTree = "<group>"; };
		47AF1297287DF53D0064D54F /* Movie+TrendingThisWeek.swift */ = {isa = PBXFileReference; fileEncoding = 4; lastKnownFileType = sourcecode.swift; path = "Movie+TrendingThisWeek.swift"; sourceTree = "<group>"; };
		47AF1298287DF53D0064D54F /* Movie+TrendingToday.swift */ = {isa = PBXFileReference; fileEncoding = 4; lastKnownFileType = sourcecode.swift; path = "Movie+TrendingToday.swift"; sourceTree = "<group>"; };
		47AF1299287DF53D0064D54F /* Movie+NowPlaying.swift */ = {isa = PBXFileReference; fileEncoding = 4; lastKnownFileType = sourcecode.swift; path = "Movie+NowPlaying.swift"; sourceTree = "<group>"; };
		47AF129A287DF53D0064D54F /* Movie+Popular.swift */ = {isa = PBXFileReference; fileEncoding = 4; lastKnownFileType = sourcecode.swift; path = "Movie+Popular.swift"; sourceTree = "<group>"; };
		47AF129B287DF53E0064D54F /* Movie+Upcoming.swift */ = {isa = PBXFileReference; fileEncoding = 4; lastKnownFileType = sourcecode.swift; path = "Movie+Upcoming.swift"; sourceTree = "<group>"; };
		47AF12A1287E144C0064D54F /* FeaturedViewController+UICollectionViewDataSource.swift */ = {isa = PBXFileReference; lastKnownFileType = sourcecode.swift; path = "FeaturedViewController+UICollectionViewDataSource.swift"; sourceTree = "<group>"; };
		47D9E4D62874ACA800430C08 /* ChallengeTriunfo.app */ = {isa = PBXFileReference; explicitFileType = wrapper.application; includeInIndex = 0; path = ChallengeTriunfo.app; sourceTree = BUILT_PRODUCTS_DIR; };
		47D9E4D92874ACA800430C08 /* AppDelegate.swift */ = {isa = PBXFileReference; lastKnownFileType = sourcecode.swift; path = AppDelegate.swift; sourceTree = "<group>"; };
		47D9E4DB2874ACA800430C08 /* SceneDelegate.swift */ = {isa = PBXFileReference; lastKnownFileType = sourcecode.swift; path = SceneDelegate.swift; sourceTree = "<group>"; };
		47D9E4DD2874ACA800430C08 /* ViewController.swift */ = {isa = PBXFileReference; lastKnownFileType = sourcecode.swift; path = ViewController.swift; sourceTree = "<group>"; };
		47D9E4E02874ACA800430C08 /* Base */ = {isa = PBXFileReference; lastKnownFileType = file.storyboard; name = Base; path = Base.lproj/Main.storyboard; sourceTree = "<group>"; };
		47D9E4E22874ACA800430C08 /* Assets.xcassets */ = {isa = PBXFileReference; lastKnownFileType = folder.assetcatalog; path = Assets.xcassets; sourceTree = "<group>"; };
		47D9E4E52874ACA800430C08 /* Base */ = {isa = PBXFileReference; lastKnownFileType = file.storyboard; name = Base; path = Base.lproj/LaunchScreen.storyboard; sourceTree = "<group>"; };
		47D9E4E72874ACA800430C08 /* Info.plist */ = {isa = PBXFileReference; lastKnownFileType = text.plist.xml; path = Info.plist; sourceTree = "<group>"; };
		47E890A5287F08D20037EBD6 /* Coertschriftromaans-vXvy.ttf */ = {isa = PBXFileReference; lastKnownFileType = file; path = "Coertschriftromaans-vXvy.ttf"; sourceTree = "<group>"; };
		47F5677E287F3ED10086CFFF /* DetailsViewController.swift */ = {isa = PBXFileReference; lastKnownFileType = sourcecode.swift; path = DetailsViewController.swift; sourceTree = "<group>"; };
		47F56780287F47E40086CFFF /* FeaturedViewController+UICollectionViewDelegate.swift */ = {isa = PBXFileReference; lastKnownFileType = sourcecode.swift; path = "FeaturedViewController+UICollectionViewDelegate.swift"; sourceTree = "<group>"; };
/* End PBXFileReference section */

/* Begin PBXFrameworksBuildPhase section */
		47D9E4D32874ACA800430C08 /* Frameworks */ = {
			isa = PBXFrameworksBuildPhase;
			buildActionMask = 2147483647;
			files = (
			);
			runOnlyForDeploymentPostprocessing = 0;
		};
/* End PBXFrameworksBuildPhase section */

/* Begin PBXGroup section */
		4771E29A287C981800BBB609 /* View */ = {
			isa = PBXGroup;
			children = (
				4771E297287C979E00BBB609 /* PopularCollectionViewCell.swift */,
				4771E29C287C986000BBB609 /* NowPlayingCollectionViewCell.swift */,
				4771E29E287C987800BBB609 /* UpcomingCollectionViewCell.swift */,
				47A640CC2886F2C000D52108 /* SeeAllTableViewCell.swift */,
				47A640D228872BE600D52108 /* SearchTableViewCell.swift */,
				47D9E4DF2874ACA800430C08 /* Main.storyboard */,
				47D9E4E42874ACA800430C08 /* LaunchScreen.storyboard */,
			);
			path = View;
			sourceTree = "<group>";
		};
		4771E2A1287C9DFD00BBB609 /* SupportingFiles */ = {
			isa = PBXGroup;
			children = (
				47D9E4E72874ACA800430C08 /* Info.plist */,
				47D9E4E22874ACA800430C08 /* Assets.xcassets */,
				479955E22881E7DE00356DEA /* TMDB-Info.plist */,
			);
			name = SupportingFiles;
			sourceTree = "<group>";
		};
		47AE475628775FB700DF454A /* Controllers */ = {
			isa = PBXGroup;
			children = (
				47D9E4DD2874ACA800430C08 /* ViewController.swift */,
				47F5677E287F3ED10086CFFF /* DetailsViewController.swift */,
				47AE475728775FD500DF454A /* FeaturedViewController.swift */,
				47AF12A1287E144C0064D54F /* FeaturedViewController+UICollectionViewDataSource.swift */,
				47F56780287F47E40086CFFF /* FeaturedViewController+UICollectionViewDelegate.swift */,
				47A640C42886E15A00D52108 /* PosterPhotoViewController.swift */,
				47A640CA2886E96800D52108 /* SeeAllViewController.swift */,
				47A640CE2886F47200D52108 /* SeeAllViewController+UITableViewDataSource.swift */,
				47A640D0288722EA00D52108 /* TrendingViewController.swift */,
				47A640D428872CB800D52108 /* SearchViewController.swift */,
				47A640D628872D7600D52108 /* SearchViewController+UITableViewDataSource.swift */,
				47A640DA2887314B00D52108 /* SearchViewController+UISearchResultsUpdating.swift */,
				47A640DC2887404300D52108 /* SearchViewController+UITableViewDelegate.swift */,
			);
			path = Controllers;
			sourceTree = "<group>";
		};
		47AF128A287DEDF40064D54F /* Model */ = {
			isa = PBXGroup;
			children = (
				479955E42881EC4400356DEA /* Movie+API.swift */,
				47AF1299287DF53D0064D54F /* Movie+NowPlaying.swift */,
				47AF129A287DF53D0064D54F /* Movie+Popular.swift */,
				47AF1297287DF53D0064D54F /* Movie+TrendingThisWeek.swift */,
				47AF1298287DF53D0064D54F /* Movie+TrendingToday.swift */,
				47AF129B287DF53E0064D54F /* Movie+Upcoming.swift */,
				47AF128B287DEE200064D54F /* Movie.swift */,
				479955E62881F8D900356DEA /* MoviesResponse.swift */,
			);
			path = Model;
			sourceTree = "<group>";
		};
		47D9E4CD2874ACA800430C08 = {
			isa = PBXGroup;
			children = (
				47D9E4D82874ACA800430C08 /* ChallengeTriunfo */,
				47D9E4D72874ACA800430C08 /* Products */,
			);
			sourceTree = "<group>";
		};
		47D9E4D72874ACA800430C08 /* Products */ = {
			isa = PBXGroup;
			children = (
				47D9E4D62874ACA800430C08 /* ChallengeTriunfo.app */,
			);
			name = Products;
			sourceTree = "<group>";
		};
		47D9E4D82874ACA800430C08 /* ChallengeTriunfo */ = {
			isa = PBXGroup;
			children = (
				47D9E4D92874ACA800430C08 /* AppDelegate.swift */,
				47D9E4DB2874ACA800430C08 /* SceneDelegate.swift */,
				47E890A8287F08F30037EBD6 /* Fonts */,
				47AF128A287DEDF40064D54F /* Model */,
				47AE475628775FB700DF454A /* Controllers */,
				4771E29A287C981800BBB609 /* View */,
				4771E2A1287C9DFD00BBB609 /* SupportingFiles */,
			);
			path = ChallengeTriunfo;
			sourceTree = "<group>";
		};
		47E890A8287F08F30037EBD6 /* Fonts */ = {
			isa = PBXGroup;
			children = (
				47E890A5287F08D20037EBD6 /* Coertschriftromaans-vXvy.ttf */,
			);
			path = Fonts;
			sourceTree = "<group>";
		};
/* End PBXGroup section */

/* Begin PBXNativeTarget section */
		47D9E4D52874ACA800430C08 /* ChallengeTriunfo */ = {
			isa = PBXNativeTarget;
			buildConfigurationList = 47D9E4EA2874ACA800430C08 /* Build configuration list for PBXNativeTarget "ChallengeTriunfo" */;
			buildPhases = (
				47D9E4D22874ACA800430C08 /* Sources */,
				47D9E4D32874ACA800430C08 /* Frameworks */,
				47D9E4D42874ACA800430C08 /* Resources */,
			);
			buildRules = (
			);
			dependencies = (
			);
			name = ChallengeTriunfo;
			productName = ChallengeTriunfo;
			productReference = 47D9E4D62874ACA800430C08 /* ChallengeTriunfo.app */;
			productType = "com.apple.product-type.application";
		};
/* End PBXNativeTarget section */

/* Begin PBXProject section */
		47D9E4CE2874ACA800430C08 /* Project object */ = {
			isa = PBXProject;
			attributes = {
				BuildIndependentTargetsInParallel = 1;
				LastSwiftUpdateCheck = 1320;
				LastUpgradeCheck = 1320;
				TargetAttributes = {
					47D9E4D52874ACA800430C08 = {
						CreatedOnToolsVersion = 13.2.1;
					};
				};
			};
			buildConfigurationList = 47D9E4D12874ACA800430C08 /* Build configuration list for PBXProject "ChallengeTriunfo" */;
			compatibilityVersion = "Xcode 13.0";
			developmentRegion = en;
			hasScannedForEncodings = 0;
			knownRegions = (
				en,
				Base,
			);
			mainGroup = 47D9E4CD2874ACA800430C08;
			productRefGroup = 47D9E4D72874ACA800430C08 /* Products */;
			projectDirPath = "";
			projectRoot = "";
			targets = (
				47D9E4D52874ACA800430C08 /* ChallengeTriunfo */,
			);
		};
/* End PBXProject section */

/* Begin PBXResourcesBuildPhase section */
		47D9E4D42874ACA800430C08 /* Resources */ = {
			isa = PBXResourcesBuildPhase;
			buildActionMask = 2147483647;
			files = (
				479955E32881E7DE00356DEA /* TMDB-Info.plist in Resources */,
				47D9E4E62874ACA800430C08 /* LaunchScreen.storyboard in Resources */,
				47D9E4E32874ACA800430C08 /* Assets.xcassets in Resources */,
				47D9E4E12874ACA800430C08 /* Main.storyboard in Resources */,
				47E890A6287F08D20037EBD6 /* Coertschriftromaans-vXvy.ttf in Resources */,
			);
			runOnlyForDeploymentPostprocessing = 0;
		};
/* End PBXResourcesBuildPhase section */

/* Begin PBXSourcesBuildPhase section */
		47D9E4D22874ACA800430C08 /* Sources */ = {
			isa = PBXSourcesBuildPhase;
			buildActionMask = 2147483647;
			files = (
				47AF12A2287E144C0064D54F /* FeaturedViewController+UICollectionViewDataSource.swift in Sources */,
				4771E298287C979E00BBB609 /* PopularCollectionViewCell.swift in Sources */,
				47AF129D287DF53E0064D54F /* Movie+TrendingToday.swift in Sources */,
				47A640CF2886F47200D52108 /* SeeAllViewController+UITableViewDataSource.swift in Sources */,
				47D9E4DE2874ACA800430C08 /* ViewController.swift in Sources */,
				47A640D728872D7600D52108 /* SearchViewController+UITableViewDataSource.swift in Sources */,
				4771E29D287C986000BBB609 /* NowPlayingCollectionViewCell.swift in Sources */,
				47AF129C287DF53E0064D54F /* Movie+TrendingThisWeek.swift in Sources */,
				47D9E4DA2874ACA800430C08 /* AppDelegate.swift in Sources */,
				47A640C52886E15A00D52108 /* PosterPhotoViewController.swift in Sources */,
				47AF129E287DF53E0064D54F /* Movie+NowPlaying.swift in Sources */,
				47A640DB2887314B00D52108 /* SearchViewController+UISearchResultsUpdating.swift in Sources */,
				4771E29F287C987800BBB609 /* UpcomingCollectionViewCell.swift in Sources */,
				47AF129F287DF53E0064D54F /* Movie+Popular.swift in Sources */,
				47A640CD2886F2C000D52108 /* SeeAllTableViewCell.swift in Sources */,
				47F56781287F47E40086CFFF /* FeaturedViewController+UICollectionViewDelegate.swift in Sources */,
				47AF12A0287DF53E0064D54F /* Movie+Upcoming.swift in Sources */,
				47A640DD2887404300D52108 /* SearchViewController+UITableViewDelegate.swift in Sources */,
				47A640D528872CB800D52108 /* SearchViewController.swift in Sources */,
				47AF128C287DEE200064D54F /* Movie.swift in Sources */,
				47AE475828775FD500DF454A /* FeaturedViewController.swift in Sources */,
				479955E52881EC4400356DEA /* Movie+API.swift in Sources */,
				479955E72881F8D900356DEA /* MoviesResponse.swift in Sources */,
				47D9E4DC2874ACA800430C08 /* SceneDelegate.swift in Sources */,
				47A640CB2886E96800D52108 /* SeeAllViewController.swift in Sources */,
				47A640D328872BE600D52108 /* SearchTableViewCell.swift in Sources */,
				47F5677F287F3ED10086CFFF /* DetailsViewController.swift in Sources */,
				47A640D1288722EA00D52108 /* TrendingViewController.swift in Sources */,
			);
			runOnlyForDeploymentPostprocessing = 0;
		};
/* End PBXSourcesBuildPhase section */

/* Begin PBXVariantGroup section */
		47D9E4DF2874ACA800430C08 /* Main.storyboard */ = {
			isa = PBXVariantGroup;
			children = (
				47D9E4E02874ACA800430C08 /* Base */,
			);
			name = Main.storyboard;
			sourceTree = "<group>";
		};
		47D9E4E42874ACA800430C08 /* LaunchScreen.storyboard */ = {
			isa = PBXVariantGroup;
			children = (
				47D9E4E52874ACA800430C08 /* Base */,
			);
			name = LaunchScreen.storyboard;
			sourceTree = "<group>";
		};
/* End PBXVariantGroup section */

/* Begin XCBuildConfiguration section */
		47D9E4E82874ACA800430C08 /* Debug */ = {
			isa = XCBuildConfiguration;
			buildSettings = {
				ALWAYS_SEARCH_USER_PATHS = NO;
				CLANG_ANALYZER_NONNULL = YES;
				CLANG_ANALYZER_NUMBER_OBJECT_CONVERSION = YES_AGGRESSIVE;
				CLANG_CXX_LANGUAGE_STANDARD = "gnu++17";
				CLANG_CXX_LIBRARY = "libc++";
				CLANG_ENABLE_MODULES = YES;
				CLANG_ENABLE_OBJC_ARC = YES;
				CLANG_ENABLE_OBJC_WEAK = YES;
				CLANG_WARN_BLOCK_CAPTURE_AUTORELEASING = YES;
				CLANG_WARN_BOOL_CONVERSION = YES;
				CLANG_WARN_COMMA = YES;
				CLANG_WARN_CONSTANT_CONVERSION = YES;
				CLANG_WARN_DEPRECATED_OBJC_IMPLEMENTATIONS = YES;
				CLANG_WARN_DIRECT_OBJC_ISA_USAGE = YES_ERROR;
				CLANG_WARN_DOCUMENTATION_COMMENTS = YES;
				CLANG_WARN_EMPTY_BODY = YES;
				CLANG_WARN_ENUM_CONVERSION = YES;
				CLANG_WARN_INFINITE_RECURSION = YES;
				CLANG_WARN_INT_CONVERSION = YES;
				CLANG_WARN_NON_LITERAL_NULL_CONVERSION = YES;
				CLANG_WARN_OBJC_IMPLICIT_RETAIN_SELF = YES;
				CLANG_WARN_OBJC_LITERAL_CONVERSION = YES;
				CLANG_WARN_OBJC_ROOT_CLASS = YES_ERROR;
				CLANG_WARN_QUOTED_INCLUDE_IN_FRAMEWORK_HEADER = YES;
				CLANG_WARN_RANGE_LOOP_ANALYSIS = YES;
				CLANG_WARN_STRICT_PROTOTYPES = YES;
				CLANG_WARN_SUSPICIOUS_MOVE = YES;
				CLANG_WARN_UNGUARDED_AVAILABILITY = YES_AGGRESSIVE;
				CLANG_WARN_UNREACHABLE_CODE = YES;
				CLANG_WARN__DUPLICATE_METHOD_MATCH = YES;
				COPY_PHASE_STRIP = NO;
				DEBUG_INFORMATION_FORMAT = dwarf;
				ENABLE_STRICT_OBJC_MSGSEND = YES;
				ENABLE_TESTABILITY = YES;
				GCC_C_LANGUAGE_STANDARD = gnu11;
				GCC_DYNAMIC_NO_PIC = NO;
				GCC_NO_COMMON_BLOCKS = YES;
				GCC_OPTIMIZATION_LEVEL = 0;
				GCC_PREPROCESSOR_DEFINITIONS = (
					"DEBUG=1",
					"$(inherited)",
				);
				GCC_WARN_64_TO_32_BIT_CONVERSION = YES;
				GCC_WARN_ABOUT_RETURN_TYPE = YES_ERROR;
				GCC_WARN_UNDECLARED_SELECTOR = YES;
				GCC_WARN_UNINITIALIZED_AUTOS = YES_AGGRESSIVE;
				GCC_WARN_UNUSED_FUNCTION = YES;
				GCC_WARN_UNUSED_VARIABLE = YES;
				IPHONEOS_DEPLOYMENT_TARGET = 15.2;
				MTL_ENABLE_DEBUG_INFO = INCLUDE_SOURCE;
				MTL_FAST_MATH = YES;
				ONLY_ACTIVE_ARCH = YES;
				SDKROOT = iphoneos;
				SWIFT_ACTIVE_COMPILATION_CONDITIONS = DEBUG;
				SWIFT_OPTIMIZATION_LEVEL = "-Onone";
			};
			name = Debug;
		};
		47D9E4E92874ACA800430C08 /* Release */ = {
			isa = XCBuildConfiguration;
			buildSettings = {
				ALWAYS_SEARCH_USER_PATHS = NO;
				CLANG_ANALYZER_NONNULL = YES;
				CLANG_ANALYZER_NUMBER_OBJECT_CONVERSION = YES_AGGRESSIVE;
				CLANG_CXX_LANGUAGE_STANDARD = "gnu++17";
				CLANG_CXX_LIBRARY = "libc++";
				CLANG_ENABLE_MODULES = YES;
				CLANG_ENABLE_OBJC_ARC = YES;
				CLANG_ENABLE_OBJC_WEAK = YES;
				CLANG_WARN_BLOCK_CAPTURE_AUTORELEASING = YES;
				CLANG_WARN_BOOL_CONVERSION = YES;
				CLANG_WARN_COMMA = YES;
				CLANG_WARN_CONSTANT_CONVERSION = YES;
				CLANG_WARN_DEPRECATED_OBJC_IMPLEMENTATIONS = YES;
				CLANG_WARN_DIRECT_OBJC_ISA_USAGE = YES_ERROR;
				CLANG_WARN_DOCUMENTATION_COMMENTS = YES;
				CLANG_WARN_EMPTY_BODY = YES;
				CLANG_WARN_ENUM_CONVERSION = YES;
				CLANG_WARN_INFINITE_RECURSION = YES;
				CLANG_WARN_INT_CONVERSION = YES;
				CLANG_WARN_NON_LITERAL_NULL_CONVERSION = YES;
				CLANG_WARN_OBJC_IMPLICIT_RETAIN_SELF = YES;
				CLANG_WARN_OBJC_LITERAL_CONVERSION = YES;
				CLANG_WARN_OBJC_ROOT_CLASS = YES_ERROR;
				CLANG_WARN_QUOTED_INCLUDE_IN_FRAMEWORK_HEADER = YES;
				CLANG_WARN_RANGE_LOOP_ANALYSIS = YES;
				CLANG_WARN_STRICT_PROTOTYPES = YES;
				CLANG_WARN_SUSPICIOUS_MOVE = YES;
				CLANG_WARN_UNGUARDED_AVAILABILITY = YES_AGGRESSIVE;
				CLANG_WARN_UNREACHABLE_CODE = YES;
				CLANG_WARN__DUPLICATE_METHOD_MATCH = YES;
				COPY_PHASE_STRIP = NO;
				DEBUG_INFORMATION_FORMAT = "dwarf-with-dsym";
				ENABLE_NS_ASSERTIONS = NO;
				ENABLE_STRICT_OBJC_MSGSEND = YES;
				GCC_C_LANGUAGE_STANDARD = gnu11;
				GCC_NO_COMMON_BLOCKS = YES;
				GCC_WARN_64_TO_32_BIT_CONVERSION = YES;
				GCC_WARN_ABOUT_RETURN_TYPE = YES_ERROR;
				GCC_WARN_UNDECLARED_SELECTOR = YES;
				GCC_WARN_UNINITIALIZED_AUTOS = YES_AGGRESSIVE;
				GCC_WARN_UNUSED_FUNCTION = YES;
				GCC_WARN_UNUSED_VARIABLE = YES;
				IPHONEOS_DEPLOYMENT_TARGET = 15.2;
				MTL_ENABLE_DEBUG_INFO = NO;
				MTL_FAST_MATH = YES;
				SDKROOT = iphoneos;
				SWIFT_COMPILATION_MODE = wholemodule;
				SWIFT_OPTIMIZATION_LEVEL = "-O";
				VALIDATE_PRODUCT = YES;
			};
			name = Release;
		};
		47D9E4EB2874ACA800430C08 /* Debug */ = {
			isa = XCBuildConfiguration;
			buildSettings = {
				ASSETCATALOG_COMPILER_APPICON_NAME = AppIcon;
				ASSETCATALOG_COMPILER_GLOBAL_ACCENT_COLOR_NAME = AccentColor;
				CODE_SIGN_STYLE = Automatic;
				CURRENT_PROJECT_VERSION = 1;
				DEVELOPMENT_TEAM = 5M8NVJZA75;
				GENERATE_INFOPLIST_FILE = YES;
				INFOPLIST_FILE = ChallengeTriunfo/Info.plist;
				INFOPLIST_KEY_CFBundleDisplayName = CinEmo;
				INFOPLIST_KEY_UIApplicationSupportsIndirectInputEvents = YES;
				INFOPLIST_KEY_UILaunchStoryboardName = LaunchScreen;
				INFOPLIST_KEY_UIMainStoryboardFile = Main;
				INFOPLIST_KEY_UISupportedInterfaceOrientations_iPad = "UIInterfaceOrientationPortrait UIInterfaceOrientationPortraitUpsideDown UIInterfaceOrientationLandscapeLeft UIInterfaceOrientationLandscapeRight";
				INFOPLIST_KEY_UISupportedInterfaceOrientations_iPhone = "UIInterfaceOrientationPortrait UIInterfaceOrientationLandscapeLeft UIInterfaceOrientationLandscapeRight";
				LD_RUNPATH_SEARCH_PATHS = (
					"$(inherited)",
					"@executable_path/Frameworks",
				);
				MARKETING_VERSION = 1.0;
				PRODUCT_BUNDLE_IDENTIFIER = br.ufpe.cin.academy.tvgf.ChallengeTriunfo;
				PRODUCT_NAME = "$(TARGET_NAME)";
				SWIFT_EMIT_LOC_STRINGS = YES;
				SWIFT_VERSION = 5.0;
				TARGETED_DEVICE_FAMILY = 1;
			};
			name = Debug;
		};
		47D9E4EC2874ACA800430C08 /* Release */ = {
			isa = XCBuildConfiguration;
			buildSettings = {
				ASSETCATALOG_COMPILER_APPICON_NAME = AppIcon;
				ASSETCATALOG_COMPILER_GLOBAL_ACCENT_COLOR_NAME = AccentColor;
				CODE_SIGN_STYLE = Automatic;
				CURRENT_PROJECT_VERSION = 1;
				DEVELOPMENT_TEAM = 5M8NVJZA75;
				GENERATE_INFOPLIST_FILE = YES;
				INFOPLIST_FILE = ChallengeTriunfo/Info.plist;
				INFOPLIST_KEY_CFBundleDisplayName = CinEmo;
				INFOPLIST_KEY_UIApplicationSupportsIndirectInputEvents = YES;
				INFOPLIST_KEY_UILaunchStoryboardName = LaunchScreen;
				INFOPLIST_KEY_UIMainStoryboardFile = Main;
				INFOPLIST_KEY_UISupportedInterfaceOrientations_iPad = "UIInterfaceOrientationPortrait UIInterfaceOrientationPortraitUpsideDown UIInterfaceOrientationLandscapeLeft UIInterfaceOrientationLandscapeRight";
				INFOPLIST_KEY_UISupportedInterfaceOrientations_iPhone = "UIInterfaceOrientationPortrait UIInterfaceOrientationLandscapeLeft UIInterfaceOrientationLandscapeRight";
				LD_RUNPATH_SEARCH_PATHS = (
					"$(inherited)",
					"@executable_path/Frameworks",
				);
				MARKETING_VERSION = 1.0;
				PRODUCT_BUNDLE_IDENTIFIER = br.ufpe.cin.academy.tvgf.ChallengeTriunfo;
				PRODUCT_NAME = "$(TARGET_NAME)";
				SWIFT_EMIT_LOC_STRINGS = YES;
				SWIFT_VERSION = 5.0;
				TARGETED_DEVICE_FAMILY = 1;
			};
			name = Release;
		};
/* End XCBuildConfiguration section */

/* Begin XCConfigurationList section */
		47D9E4D12874ACA800430C08 /* Build configuration list for PBXProject "ChallengeTriunfo" */ = {
			isa = XCConfigurationList;
			buildConfigurations = (
				47D9E4E82874ACA800430C08 /* Debug */,
				47D9E4E92874ACA800430C08 /* Release */,
			);
			defaultConfigurationIsVisible = 0;
			defaultConfigurationName = Release;
		};
		47D9E4EA2874ACA800430C08 /* Build configuration list for PBXNativeTarget "ChallengeTriunfo" */ = {
			isa = XCConfigurationList;
			buildConfigurations = (
				47D9E4EB2874ACA800430C08 /* Debug */,
				47D9E4EC2874ACA800430C08 /* Release */,
			);
			defaultConfigurationIsVisible = 0;
			defaultConfigurationName = Release;
		};
/* End XCConfigurationList section */
	};
	rootObject = 47D9E4CE2874ACA800430C08 /* Project object */;
}
